
Microsoft Visual Studio Solution File, Format Version 12.00
# Visual Studio Version 16
VisualStudioVersion = 16.0.31105.61
MinimumVisualStudioVersion = 10.0.40219.1
Project("{FAE04EC0-301F-11D3-BF4B-00C04F79EFBC}") = "MeteoriteLandings", "MeteoriteLandings\MeteoriteLandings.csproj", "{C1B8F638-BABB-48A1-848D-5F1554A422F4}"
EndProject
Global
	GlobalSection(SolutionConfigurationPlatforms) = preSolution
		Debug|Any CPU = Debug|Any CPU
		Release|Any CPU = Release|Any CPU
	EndGlobalSection
	GlobalSection(ProjectConfigurationPlatforms) = postSolution
		{C1B8F638-BABB-48A1-848D-5F1554A422F4}.Debug|Any CPU.ActiveCfg = Debug|Any CPU
		{C1B8F638-BABB-48A1-848D-5F1554A422F4}.Debug|Any CPU.Build.0 = Debug|Any CPU
		{C1B8F638-BABB-48A1-848D-5F1554A422F4}.Release|Any CPU.ActiveCfg = Release|Any CPU
		{C1B8F638-BABB-48A1-848D-5F1554A422F4}.Release|Any CPU.Build.0 = Release|Any CPU
	EndGlobalSection
	GlobalSection(SolutionProperties) = preSolution
		HideSolutionNode = FALSE
	EndGlobalSection
	GlobalSection(ExtensibilityGlobals) = postSolution
		SolutionGuid = {34A51471-B715-4A80-964E-A1ED1ABA1F15}
	EndGlobalSection
EndGlobal
